// !$*UTF8*$!
{
	archiveVersion = 1;
	classes = {
	};
	objectVersion = 46;
	objects = {

/* Begin PBXBuildFile section */
		097598731F17A18500279075 /* AppDelegate.swift in Sources */ = {isa = PBXBuildFile; fileRef = 097598721F17A18500279075 /* AppDelegate.swift */; };
		097598751F17A18500279075 /* ViewController.swift in Sources */ = {isa = PBXBuildFile; fileRef = 097598741F17A18500279075 /* ViewController.swift */; };
		097598781F17A18500279075 /* Main.storyboard in Resources */ = {isa = PBXBuildFile; fileRef = 097598761F17A18500279075 /* Main.storyboard */; };
		0975987A1F17A18500279075 /* Assets.xcassets in Resources */ = {isa = PBXBuildFile; fileRef = 097598791F17A18500279075 /* Assets.xcassets */; };
		0975987D1F17A18500279075 /* LaunchScreen.storyboard in Resources */ = {isa = PBXBuildFile; fileRef = 0975987B1F17A18500279075 /* LaunchScreen.storyboard */; };
		097598861F17A1E400279075 /* PlayerView.xib in Resources */ = {isa = PBXBuildFile; fileRef = 097598851F17A1E400279075 /* PlayerView.xib */; };
		097598881F17A31A00279075 /* PlayerView.swift in Sources */ = {isa = PBXBuildFile; fileRef = 097598871F17A31A00279075 /* PlayerView.swift */; };
		09A6E3511F17B06F00E422B9 /* Developers.mp3 in Resources */ = {isa = PBXBuildFile; fileRef = 09A6E3501F17B06F00E422B9 /* Developers.mp3 */; };
		09A6E3531F17B71500E422B9 /* Rain-storm.mp3 in Resources */ = {isa = PBXBuildFile; fileRef = 09A6E3521F17B71500E422B9 /* Rain-storm.mp3 */; };
		09A6E3551F17B90E00E422B9 /* Aggressive-dogs-barking.mp3 in Resources */ = {isa = PBXBuildFile; fileRef = 09A6E3541F17B90E00E422B9 /* Aggressive-dogs-barking.mp3 */; };
		09A6E3571F17B96600E422B9 /* Traffic-noise-sound-effect.mp3 in Resources */ = {isa = PBXBuildFile; fileRef = 09A6E3561F17B96600E422B9 /* Traffic-noise-sound-effect.mp3 */; };
		09A6E3591F17B97F00E422B9 /* Motorboat-sound.mp3 in Resources */ = {isa = PBXBuildFile; fileRef = 09A6E3581F17B97F00E422B9 /* Motorboat-sound.mp3 */; };
/* End PBXBuildFile section */

/* Begin PBXFileReference section */
		0975986F1F17A18500279075 /* MusicPlayer.app */ = {isa = PBXFileReference; explicitFileType = wrapper.application; includeInIndex = 0; path = MusicPlayer.app; sourceTree = BUILT_PRODUCTS_DIR; };
		097598721F17A18500279075 /* AppDelegate.swift */ = {isa = PBXFileReference; lastKnownFileType = sourcecode.swift; path = AppDelegate.swift; sourceTree = "<group>"; };
		097598741F17A18500279075 /* ViewController.swift */ = {isa = PBXFileReference; lastKnownFileType = sourcecode.swift; path = ViewController.swift; sourceTree = "<group>"; };
		097598771F17A18500279075 /* Base */ = {isa = PBXFileReference; lastKnownFileType = file.storyboard; name = Base; path = Base.lproj/Main.storyboard; sourceTree = "<group>"; };
		097598791F17A18500279075 /* Assets.xcassets */ = {isa = PBXFileReference; lastKnownFileType = folder.assetcatalog; path = Assets.xcassets; sourceTree = "<group>"; };
		0975987C1F17A18500279075 /* Base */ = {isa = PBXFileReference; lastKnownFileType = file.storyboard; name = Base; path = Base.lproj/LaunchScreen.storyboard; sourceTree = "<group>"; };
		0975987E1F17A18500279075 /* Info.plist */ = {isa = PBXFileReference; lastKnownFileType = text.plist.xml; path = Info.plist; sourceTree = "<group>"; };
		097598851F17A1E400279075 /* PlayerView.xib */ = {isa = PBXFileReference; fileEncoding = 4; lastKnownFileType = file.xib; path = PlayerView.xib; sourceTree = "<group>"; };
		097598871F17A31A00279075 /* PlayerView.swift */ = {isa = PBXFileReference; fileEncoding = 4; lastKnownFileType = sourcecode.swift; path = PlayerView.swift; sourceTree = "<group>"; };
		09A6E3501F17B06F00E422B9 /* Developers.mp3 */ = {isa = PBXFileReference; lastKnownFileType = audio.mp3; path = Developers.mp3; sourceTree = SOURCE_ROOT; };
		09A6E3521F17B71500E422B9 /* Rain-storm.mp3 */ = {isa = PBXFileReference; lastKnownFileType = audio.mp3; name = "Rain-storm.mp3"; path = "../../../../Downloads/Rain-storm/Rain-storm.mp3"; sourceTree = "<group>"; };
		09A6E3541F17B90E00E422B9 /* Aggressive-dogs-barking.mp3 */ = {isa = PBXFileReference; lastKnownFileType = audio.mp3; name = "Aggressive-dogs-barking.mp3"; path = "../../../../Downloads/Aggressive-dogs-barking/Aggressive-dogs-barking.mp3"; sourceTree = "<group>"; };
		09A6E3561F17B96600E422B9 /* Traffic-noise-sound-effect.mp3 */ = {isa = PBXFileReference; lastKnownFileType = audio.mp3; name = "Traffic-noise-sound-effect.mp3"; path = "../../../../Downloads/Traffic-noise-sound-effect/Traffic-noise-sound-effect.mp3"; sourceTree = "<group>"; };
		09A6E3581F17B97F00E422B9 /* Motorboat-sound.mp3 */ = {isa = PBXFileReference; lastKnownFileType = audio.mp3; name = "Motorboat-sound.mp3"; path = "../../../../Downloads/Motorboat-sound/Motorboat-sound.mp3"; sourceTree = "<group>"; };
/* End PBXFileReference section */

/* Begin PBXFrameworksBuildPhase section */
		0975986C1F17A18500279075 /* Frameworks */ = {
			isa = PBXFrameworksBuildPhase;
			buildActionMask = 2147483647;
			files = (
			);
			runOnlyForDeploymentPostprocessing = 0;
		};
/* End PBXFrameworksBuildPhase section */

/* Begin PBXGroup section */
		097598661F17A18400279075 = {
			isa = PBXGroup;
			children = (
				097598711F17A18500279075 /* MusicPlayer */,
				097598701F17A18500279075 /* Products */,
			);
			sourceTree = "<group>";
		};
		097598701F17A18500279075 /* Products */ = {
			isa = PBXGroup;
			children = (
				0975986F1F17A18500279075 /* MusicPlayer.app */,
			);
			name = Products;
			sourceTree = "<group>";
		};
		097598711F17A18500279075 /* MusicPlayer */ = {
			isa = PBXGroup;
			children = (
				097598841F17A1B400279075 /* SupportFiles */,
				097598741F17A18500279075 /* ViewController.swift */,
				097598761F17A18500279075 /* Main.storyboard */,
				097598851F17A1E400279075 /* PlayerView.xib */,
				097598871F17A31A00279075 /* PlayerView.swift */,
				09A6E3521F17B71500E422B9 /* Rain-storm.mp3 */,
				09A6E3501F17B06F00E422B9 /* Developers.mp3 */,
				09A6E3541F17B90E00E422B9 /* Aggressive-dogs-barking.mp3 */,
				09A6E3561F17B96600E422B9 /* Traffic-noise-sound-effect.mp3 */,
				09A6E3581F17B97F00E422B9 /* Motorboat-sound.mp3 */,
			);
			path = MusicPlayer;
			sourceTree = "<group>";
		};
		097598841F17A1B400279075 /* SupportFiles */ = {
			isa = PBXGroup;
			children = (
				097598721F17A18500279075 /* AppDelegate.swift */,
				097598791F17A18500279075 /* Assets.xcassets */,
				0975987B1F17A18500279075 /* LaunchScreen.storyboard */,
				0975987E1F17A18500279075 /* Info.plist */,
			);
			name = SupportFiles;
			sourceTree = "<group>";
		};
/* End PBXGroup section */

/* Begin PBXNativeTarget section */
		0975986E1F17A18500279075 /* MusicPlayer */ = {
			isa = PBXNativeTarget;
			buildConfigurationList = 097598811F17A18500279075 /* Build configuration list for PBXNativeTarget "MusicPlayer" */;
			buildPhases = (
				0975986B1F17A18500279075 /* Sources */,
				0975986C1F17A18500279075 /* Frameworks */,
				0975986D1F17A18500279075 /* Resources */,
			);
			buildRules = (
			);
			dependencies = (
			);
			name = MusicPlayer;
			productName = MusicPlayer;
			productReference = 0975986F1F17A18500279075 /* MusicPlayer.app */;
			productType = "com.apple.product-type.application";
		};
/* End PBXNativeTarget section */

/* Begin PBXProject section */
		097598671F17A18400279075 /* Project object */ = {
			isa = PBXProject;
			attributes = {
				LastSwiftUpdateCheck = 0830;
				LastUpgradeCheck = 0830;
				ORGANIZATIONNAME = CWI;
				TargetAttributes = {
					0975986E1F17A18500279075 = {
						CreatedOnToolsVersion = 8.3.3;
						ProvisioningStyle = Automatic;
					};
				};
			};
			buildConfigurationList = 0975986A1F17A18500279075 /* Build configuration list for PBXProject "MusicPlayer" */;
			compatibilityVersion = "Xcode 3.2";
			developmentRegion = English;
			hasScannedForEncodings = 0;
			knownRegions = (
				en,
				Base,
			);
			mainGroup = 097598661F17A18400279075;
			productRefGroup = 097598701F17A18500279075 /* Products */;
			projectDirPath = "";
			projectRoot = "";
			targets = (
				0975986E1F17A18500279075 /* MusicPlayer */,
			);
		};
/* End PBXProject section */

/* Begin PBXResourcesBuildPhase section */
		0975986D1F17A18500279075 /* Resources */ = {
			isa = PBXResourcesBuildPhase;
			buildActionMask = 2147483647;
			files = (
				09A6E3511F17B06F00E422B9 /* Developers.mp3 in Resources */,
				097598861F17A1E400279075 /* PlayerView.xib in Resources */,
				09A6E3591F17B97F00E422B9 /* Motorboat-sound.mp3 in Resources */,
				0975987D1F17A18500279075 /* LaunchScreen.storyboard in Resources */,
				0975987A1F17A18500279075 /* Assets.xcassets in Resources */,
				09A6E3531F17B71500E422B9 /* Rain-storm.mp3 in Resources */,
				09A6E3551F17B90E00E422B9 /* Aggressive-dogs-barking.mp3 in Resources */,
				09A6E3571F17B96600E422B9 /* Traffic-noise-sound-effect.mp3 in Resources */,
				097598781F17A18500279075 /* Main.storyboard in Resources */,
			);
			runOnlyForDeploymentPostprocessing = 0;
		};
/* End PBXResourcesBuildPhase section */

/* Begin PBXSourcesBuildPhase section */
		0975986B1F17A18500279075 /* Sources */ = {
			isa = PBXSourcesBuildPhase;
			buildActionMask = 2147483647;
			files = (
				097598751F17A18500279075 /* ViewController.swift in Sources */,
				097598731F17A18500279075 /* AppDelegate.swift in Sources */,
				097598881F17A31A00279075 /* PlayerView.swift in Sources */,
			);
			runOnlyForDeploymentPostprocessing = 0;
		};
/* End PBXSourcesBuildPhase section */

/* Begin PBXVariantGroup section */
		097598761F17A18500279075 /* Main.storyboard */ = {
			isa = PBXVariantGroup;
			children = (
				097598771F17A18500279075 /* Base */,
			);
			name = Main.storyboard;
			sourceTree = "<group>";
		};
		0975987B1F17A18500279075 /* LaunchScreen.storyboard */ = {
			isa = PBXVariantGroup;
			children = (
				0975987C1F17A18500279075 /* Base */,
			);
			name = LaunchScreen.storyboard;
			sourceTree = "<group>";
		};
/* End PBXVariantGroup section */

/* Begin XCBuildConfiguration section */
		0975987F1F17A18500279075 /* Debug */ = {
			isa = XCBuildConfiguration;
			buildSettings = {
				ALWAYS_SEARCH_USER_PATHS = NO;
				CLANG_ANALYZER_NONNULL = YES;
				CLANG_ANALYZER_NUMBER_OBJECT_CONVERSION = YES_AGGRESSIVE;
				CLANG_CXX_LANGUAGE_STANDARD = "gnu++0x";
				CLANG_CXX_LIBRARY = "libc++";
				CLANG_ENABLE_MODULES = YES;
				CLANG_ENABLE_OBJC_ARC = YES;
				CLANG_WARN_BOOL_CONVERSION = YES;
				CLANG_WARN_CONSTANT_CONVERSION = YES;
				CLANG_WARN_DIRECT_OBJC_ISA_USAGE = YES_ERROR;
				CLANG_WARN_DOCUMENTATION_COMMENTS = YES;
				CLANG_WARN_EMPTY_BODY = YES;
				CLANG_WARN_ENUM_CONVERSION = YES;
				CLANG_WARN_INFINITE_RECURSION = YES;
				CLANG_WARN_INT_CONVERSION = YES;
				CLANG_WARN_OBJC_ROOT_CLASS = YES_ERROR;
				CLANG_WARN_SUSPICIOUS_MOVE = YES;
				CLANG_WARN_UNREACHABLE_CODE = YES;
				CLANG_WARN__DUPLICATE_METHOD_MATCH = YES;
				"CODE_SIGN_IDENTITY[sdk=iphoneos*]" = "iPhone Developer";
				COPY_PHASE_STRIP = NO;
				DEBUG_INFORMATION_FORMAT = dwarf;
				ENABLE_STRICT_OBJC_MSGSEND = YES;
				ENABLE_TESTABILITY = YES;
				GCC_C_LANGUAGE_STANDARD = gnu99;
				GCC_DYNAMIC_NO_PIC = NO;
				GCC_NO_COMMON_BLOCKS = YES;
				GCC_OPTIMIZATION_LEVEL = 0;
				GCC_PREPROCESSOR_DEFINITIONS = (
					"DEBUG=1",
					"$(inherited)",
				);
				GCC_WARN_64_TO_32_BIT_CONVERSION = YES;
				GCC_WARN_ABOUT_RETURN_TYPE = YES_ERROR;
				GCC_WARN_UNDECLARED_SELECTOR = YES;
				GCC_WARN_UNINITIALIZED_AUTOS = YES_AGGRESSIVE;
				GCC_WARN_UNUSED_FUNCTION = YES;
				GCC_WARN_UNUSED_VARIABLE = YES;
				IPHONEOS_DEPLOYMENT_TARGET = 10.3;
				MTL_ENABLE_DEBUG_INFO = YES;
				ONLY_ACTIVE_ARCH = YES;
				SDKROOT = iphoneos;
				SWIFT_ACTIVE_COMPILATION_CONDITIONS = DEBUG;
				SWIFT_OPTIMIZATION_LEVEL = "-Onone";
				TARGETED_DEVICE_FAMILY = "1,2";
			};
			name = Debug;
		};
		097598801F17A18500279075 /* Release */ = {
			isa = XCBuildConfiguration;
			buildSettings = {
				ALWAYS_SEARCH_USER_PATHS = NO;
				CLANG_ANALYZER_NONNULL = YES;
				CLANG_ANALYZER_NUMBER_OBJECT_CONVERSION = YES_AGGRESSIVE;
				CLANG_CXX_LANGUAGE_STANDARD = "gnu++0x";
				CLANG_CXX_LIBRARY = "libc++";
				CLANG_ENABLE_MODULES = YES;
				CLANG_ENABLE_OBJC_ARC = YES;
				CLANG_WARN_BOOL_CONVERSION = YES;
				CLANG_WARN_CONSTANT_CONVERSION = YES;
				CLANG_WARN_DIRECT_OBJC_ISA_USAGE = YES_ERROR;
				CLANG_WARN_DOCUMENTATION_COMMENTS = YES;
				CLANG_WARN_EMPTY_BODY = YES;
				CLANG_WARN_ENUM_CONVERSION = YES;
				CLANG_WARN_INFINITE_RECURSION = YES;
				CLANG_WARN_INT_CONVERSION = YES;
				CLANG_WARN_OBJC_ROOT_CLASS = YES_ERROR;
				CLANG_WARN_SUSPICIOUS_MOVE = YES;
				CLANG_WARN_UNREACHABLE_CODE = YES;
				CLANG_WARN__DUPLICATE_METHOD_MATCH = YES;
				"CODE_SIGN_IDENTITY[sdk=iphoneos*]" = "iPhone Developer";
				COPY_PHASE_STRIP = NO;
				DEBUG_INFORMATION_FORMAT = "dwarf-with-dsym";
				ENABLE_NS_ASSERTIONS = NO;
				ENABLE_STRICT_OBJC_MSGSEND = YES;
				GCC_C_LANGUAGE_STANDARD = gnu99;
				GCC_NO_COMMON_BLOCKS = YES;
				GCC_WARN_64_TO_32_BIT_CONVERSION = YES;
				GCC_WARN_ABOUT_RETURN_TYPE = YES_ERROR;
				GCC_WARN_UNDECLARED_SELECTOR = YES;
				GCC_WARN_UNINITIALIZED_AUTOS = YES_AGGRESSIVE;
				GCC_WARN_UNUSED_FUNCTION = YES;
				GCC_WARN_UNUSED_VARIABLE = YES;
				IPHONEOS_DEPLOYMENT_TARGET = 10.3;
				MTL_ENABLE_DEBUG_INFO = NO;
				SDKROOT = iphoneos;
				SWIFT_OPTIMIZATION_LEVEL = "-Owholemodule";
				TARGETED_DEVICE_FAMILY = "1,2";
				VALIDATE_PRODUCT = YES;
			};
			name = Release;
		};
		097598821F17A18500279075 /* Debug */ = {
			isa = XCBuildConfiguration;
			buildSettings = {
				ASSETCATALOG_COMPILER_APPICON_NAME = AppIcon;
				INFOPLIST_FILE = MusicPlayer/Info.plist;
				LD_RUNPATH_SEARCH_PATHS = "$(inherited) @executable_path/Frameworks";
				PRODUCT_BUNDLE_IDENTIFIER = br.com.vinicius.MusicPlayer;
				PRODUCT_NAME = "$(TARGET_NAME)";
				SWIFT_VERSION = 3.0;
			};
			name = Debug;
		};
		097598831F17A18500279075 /* Release */ = {
			isa = XCBuildConfiguration;
			buildSettings = {
				ASSETCATALOG_COMPILER_APPICON_NAME = AppIcon;
				INFOPLIST_FILE = MusicPlayer/Info.plist;
				LD_RUNPATH_SEARCH_PATHS = "$(inherited) @executable_path/Frameworks";
				PRODUCT_BUNDLE_IDENTIFIER = br.com.vinicius.MusicPlayer;
				PRODUCT_NAME = "$(TARGET_NAME)";
				SWIFT_VERSION = 3.0;
			};
			name = Release;
		};
/* End XCBuildConfiguration section */

/* Begin XCConfigurationList section */
		0975986A1F17A18500279075 /* Build configuration list for PBXProject "MusicPlayer" */ = {
			isa = XCConfigurationList;
			buildConfigurations = (
				0975987F1F17A18500279075 /* Debug */,
				097598801F17A18500279075 /* Release */,
			);
			defaultConfigurationIsVisible = 0;
			defaultConfigurationName = Release;
		};
		097598811F17A18500279075 /* Build configuration list for PBXNativeTarget "MusicPlayer" */ = {
			isa = XCConfigurationList;
			buildConfigurations = (
				097598821F17A18500279075 /* Debug */,
				097598831F17A18500279075 /* Release */,
			);
			defaultConfigurationIsVisible = 0;
			defaultConfigurationName = Release;
		};
/* End XCConfigurationList section */
	};
	rootObject = 097598671F17A18400279075 /* Project object */;
}
