// !$*UTF8*$!
{
	archiveVersion = 1;
	classes = {
	};
	objectVersion = 46;
	objects = {

/* Begin PBXBuildFile section */
		0993AD0F1F0BB7ED00C7850E /* AppDelegate.swift in Sources */ = {isa = PBXBuildFile; fileRef = 0993AD0E1F0BB7ED00C7850E /* AppDelegate.swift */; };
		0993AD111F0BB7ED00C7850E /* ViewController.swift in Sources */ = {isa = PBXBuildFile; fileRef = 0993AD101F0BB7ED00C7850E /* ViewController.swift */; };
		0993AD141F0BB7ED00C7850E /* Main.storyboard in Resources */ = {isa = PBXBuildFile; fileRef = 0993AD121F0BB7ED00C7850E /* Main.storyboard */; };
		0993AD161F0BB7ED00C7850E /* Assets.xcassets in Resources */ = {isa = PBXBuildFile; fileRef = 0993AD151F0BB7ED00C7850E /* Assets.xcassets */; };
		0993AD191F0BB7ED00C7850E /* LaunchScreen.storyboard in Resources */ = {isa = PBXBuildFile; fileRef = 0993AD171F0BB7ED00C7850E /* LaunchScreen.storyboard */; };
		0993AD281F0BC97900C7850E /* SecondViewController.swift in Sources */ = {isa = PBXBuildFile; fileRef = 0993AD271F0BC97900C7850E /* SecondViewController.swift */; };
		0993AD2C1F0BD97800C7850E /* BorderedButton.swift in Sources */ = {isa = PBXBuildFile; fileRef = 0993AD2B1F0BD97800C7850E /* BorderedButton.swift */; };
		0993AD2E1F0BDA0A00C7850E /* CircleView.swift in Sources */ = {isa = PBXBuildFile; fileRef = 0993AD2D1F0BDA0A00C7850E /* CircleView.swift */; };
		0993AD301F0BE51800C7850E /* ThirdViewController.swift in Sources */ = {isa = PBXBuildFile; fileRef = 0993AD2F1F0BE51800C7850E /* ThirdViewController.swift */; };
		0993AD341F0C121C00C7850E /* SegmentedCustom.swift in Sources */ = {isa = PBXBuildFile; fileRef = 0993AD331F0C121C00C7850E /* SegmentedCustom.swift */; };
		0993AD361F0C1FDB00C7850E /* FinalViewController.swift in Sources */ = {isa = PBXBuildFile; fileRef = 0993AD351F0C1FDB00C7850E /* FinalViewController.swift */; };
		0993AD381F0C28E800C7850E /* RadioButton.swift in Sources */ = {isa = PBXBuildFile; fileRef = 0993AD371F0C28E800C7850E /* RadioButton.swift */; };
/* End PBXBuildFile section */

/* Begin PBXFileReference section */
		0993AD0B1F0BB7ED00C7850E /* CleaningApp.app */ = {isa = PBXFileReference; explicitFileType = wrapper.application; includeInIndex = 0; path = CleaningApp.app; sourceTree = BUILT_PRODUCTS_DIR; };
		0993AD0E1F0BB7ED00C7850E /* AppDelegate.swift */ = {isa = PBXFileReference; lastKnownFileType = sourcecode.swift; path = AppDelegate.swift; sourceTree = "<group>"; };
		0993AD101F0BB7ED00C7850E /* ViewController.swift */ = {isa = PBXFileReference; lastKnownFileType = sourcecode.swift; path = ViewController.swift; sourceTree = "<group>"; };
		0993AD131F0BB7ED00C7850E /* Base */ = {isa = PBXFileReference; lastKnownFileType = file.storyboard; name = Base; path = Base.lproj/Main.storyboard; sourceTree = "<group>"; };
		0993AD151F0BB7ED00C7850E /* Assets.xcassets */ = {isa = PBXFileReference; lastKnownFileType = folder.assetcatalog; path = Assets.xcassets; sourceTree = "<group>"; };
		0993AD181F0BB7ED00C7850E /* Base */ = {isa = PBXFileReference; lastKnownFileType = file.storyboard; name = Base; path = Base.lproj/LaunchScreen.storyboard; sourceTree = "<group>"; };
		0993AD1A1F0BB7ED00C7850E /* Info.plist */ = {isa = PBXFileReference; lastKnownFileType = text.plist.xml; path = Info.plist; sourceTree = "<group>"; };
		0993AD271F0BC97900C7850E /* SecondViewController.swift */ = {isa = PBXFileReference; fileEncoding = 4; lastKnownFileType = sourcecode.swift; path = SecondViewController.swift; sourceTree = "<group>"; };
		0993AD2B1F0BD97800C7850E /* BorderedButton.swift */ = {isa = PBXFileReference; fileEncoding = 4; lastKnownFileType = sourcecode.swift; path = BorderedButton.swift; sourceTree = "<group>"; };
		0993AD2D1F0BDA0A00C7850E /* CircleView.swift */ = {isa = PBXFileReference; fileEncoding = 4; lastKnownFileType = sourcecode.swift; path = CircleView.swift; sourceTree = "<group>"; };
		0993AD2F1F0BE51800C7850E /* ThirdViewController.swift */ = {isa = PBXFileReference; fileEncoding = 4; lastKnownFileType = sourcecode.swift; path = ThirdViewController.swift; sourceTree = "<group>"; };
		0993AD331F0C121C00C7850E /* SegmentedCustom.swift */ = {isa = PBXFileReference; fileEncoding = 4; lastKnownFileType = sourcecode.swift; path = SegmentedCustom.swift; sourceTree = "<group>"; };
		0993AD351F0C1FDB00C7850E /* FinalViewController.swift */ = {isa = PBXFileReference; fileEncoding = 4; lastKnownFileType = sourcecode.swift; path = FinalViewController.swift; sourceTree = "<group>"; };
		0993AD371F0C28E800C7850E /* RadioButton.swift */ = {isa = PBXFileReference; fileEncoding = 4; lastKnownFileType = sourcecode.swift; path = RadioButton.swift; sourceTree = "<group>"; };
/* End PBXFileReference section */

/* Begin PBXFrameworksBuildPhase section */
		0993AD081F0BB7ED00C7850E /* Frameworks */ = {
			isa = PBXFrameworksBuildPhase;
			buildActionMask = 2147483647;
			files = (
			);
			runOnlyForDeploymentPostprocessing = 0;
		};
/* End PBXFrameworksBuildPhase section */

/* Begin PBXGroup section */
		0993AD021F0BB7ED00C7850E = {
			isa = PBXGroup;
			children = (
				0993AD0D1F0BB7ED00C7850E /* CleaningApp */,
				0993AD0C1F0BB7ED00C7850E /* Products */,
			);
			sourceTree = "<group>";
		};
		0993AD0C1F0BB7ED00C7850E /* Products */ = {
			isa = PBXGroup;
			children = (
				0993AD0B1F0BB7ED00C7850E /* CleaningApp.app */,
			);
			name = Products;
			sourceTree = "<group>";
		};
		0993AD0D1F0BB7ED00C7850E /* CleaningApp */ = {
			isa = PBXGroup;
			children = (
				0993AD201F0BB7FD00C7850E /* SupportFiles */,
				0993AD101F0BB7ED00C7850E /* ViewController.swift */,
				0993AD121F0BB7ED00C7850E /* Main.storyboard */,
				0993AD371F0C28E800C7850E /* RadioButton.swift */,
				0993AD351F0C1FDB00C7850E /* FinalViewController.swift */,
				0993AD331F0C121C00C7850E /* SegmentedCustom.swift */,
				0993AD2F1F0BE51800C7850E /* ThirdViewController.swift */,
				0993AD2D1F0BDA0A00C7850E /* CircleView.swift */,
				0993AD271F0BC97900C7850E /* SecondViewController.swift */,
				0993AD2B1F0BD97800C7850E /* BorderedButton.swift */,
			);
			path = CleaningApp;
			sourceTree = "<group>";
		};
		0993AD201F0BB7FD00C7850E /* SupportFiles */ = {
			isa = PBXGroup;
			children = (
				0993AD0E1F0BB7ED00C7850E /* AppDelegate.swift */,
				0993AD151F0BB7ED00C7850E /* Assets.xcassets */,
				0993AD171F0BB7ED00C7850E /* LaunchScreen.storyboard */,
				0993AD1A1F0BB7ED00C7850E /* Info.plist */,
			);
			name = SupportFiles;
			sourceTree = "<group>";
		};
/* End PBXGroup section */

/* Begin PBXNativeTarget section */
		0993AD0A1F0BB7ED00C7850E /* CleaningApp */ = {
			isa = PBXNativeTarget;
			buildConfigurationList = 0993AD1D1F0BB7ED00C7850E /* Build configuration list for PBXNativeTarget "CleaningApp" */;
			buildPhases = (
				0993AD071F0BB7ED00C7850E /* Sources */,
				0993AD081F0BB7ED00C7850E /* Frameworks */,
				0993AD091F0BB7ED00C7850E /* Resources */,
			);
			buildRules = (
			);
			dependencies = (
			);
			name = CleaningApp;
			productName = CleaningApp;
			productReference = 0993AD0B1F0BB7ED00C7850E /* CleaningApp.app */;
			productType = "com.apple.product-type.application";
		};
/* End PBXNativeTarget section */

/* Begin PBXProject section */
		0993AD031F0BB7ED00C7850E /* Project object */ = {
			isa = PBXProject;
			attributes = {
				LastSwiftUpdateCheck = 0830;
				LastUpgradeCheck = 0830;
				ORGANIZATIONNAME = CWI;
				TargetAttributes = {
					0993AD0A1F0BB7ED00C7850E = {
						CreatedOnToolsVersion = 8.3.3;
						ProvisioningStyle = Automatic;
					};
				};
			};
			buildConfigurationList = 0993AD061F0BB7ED00C7850E /* Build configuration list for PBXProject "CleaningApp" */;
			compatibilityVersion = "Xcode 3.2";
			developmentRegion = English;
			hasScannedForEncodings = 0;
			knownRegions = (
				en,
				Base,
			);
			mainGroup = 0993AD021F0BB7ED00C7850E;
			productRefGroup = 0993AD0C1F0BB7ED00C7850E /* Products */;
			projectDirPath = "";
			projectRoot = "";
			targets = (
				0993AD0A1F0BB7ED00C7850E /* CleaningApp */,
			);
		};
/* End PBXProject section */

/* Begin PBXResourcesBuildPhase section */
		0993AD091F0BB7ED00C7850E /* Resources */ = {
			isa = PBXResourcesBuildPhase;
			buildActionMask = 2147483647;
			files = (
				0993AD191F0BB7ED00C7850E /* LaunchScreen.storyboard in Resources */,
				0993AD161F0BB7ED00C7850E /* Assets.xcassets in Resources */,
				0993AD141F0BB7ED00C7850E /* Main.storyboard in Resources */,
			);
			runOnlyForDeploymentPostprocessing = 0;
		};
/* End PBXResourcesBuildPhase section */

/* Begin PBXSourcesBuildPhase section */
		0993AD071F0BB7ED00C7850E /* Sources */ = {
			isa = PBXSourcesBuildPhase;
			buildActionMask = 2147483647;
			files = (
				0993AD381F0C28E800C7850E /* RadioButton.swift in Sources */,
				0993AD281F0BC97900C7850E /* SecondViewController.swift in Sources */,
				0993AD2E1F0BDA0A00C7850E /* CircleView.swift in Sources */,
				0993AD111F0BB7ED00C7850E /* ViewController.swift in Sources */,
				0993AD2C1F0BD97800C7850E /* BorderedButton.swift in Sources */,
				0993AD301F0BE51800C7850E /* ThirdViewController.swift in Sources */,
				0993AD361F0C1FDB00C7850E /* FinalViewController.swift in Sources */,
				0993AD0F1F0BB7ED00C7850E /* AppDelegate.swift in Sources */,
				0993AD341F0C121C00C7850E /* SegmentedCustom.swift in Sources */,
			);
			runOnlyForDeploymentPostprocessing = 0;
		};
/* End PBXSourcesBuildPhase section */

/* Begin PBXVariantGroup section */
		0993AD121F0BB7ED00C7850E /* Main.storyboard */ = {
			isa = PBXVariantGroup;
			children = (
				0993AD131F0BB7ED00C7850E /* Base */,
			);
			name = Main.storyboard;
			sourceTree = "<group>";
		};
		0993AD171F0BB7ED00C7850E /* LaunchScreen.storyboard */ = {
			isa = PBXVariantGroup;
			children = (
				0993AD181F0BB7ED00C7850E /* Base */,
			);
			name = LaunchScreen.storyboard;
			sourceTree = "<group>";
		};
/* End PBXVariantGroup section */

/* Begin XCBuildConfiguration section */
		0993AD1B1F0BB7ED00C7850E /* Debug */ = {
			isa = XCBuildConfiguration;
			buildSettings = {
				ALWAYS_SEARCH_USER_PATHS = NO;
				CLANG_ANALYZER_NONNULL = YES;
				CLANG_ANALYZER_NUMBER_OBJECT_CONVERSION = YES_AGGRESSIVE;
				CLANG_CXX_LANGUAGE_STANDARD = "gnu++0x";
				CLANG_CXX_LIBRARY = "libc++";
				CLANG_ENABLE_MODULES = YES;
				CLANG_ENABLE_OBJC_ARC = YES;
				CLANG_WARN_BOOL_CONVERSION = YES;
				CLANG_WARN_CONSTANT_CONVERSION = YES;
				CLANG_WARN_DIRECT_OBJC_ISA_USAGE = YES_ERROR;
				CLANG_WARN_DOCUMENTATION_COMMENTS = YES;
				CLANG_WARN_EMPTY_BODY = YES;
				CLANG_WARN_ENUM_CONVERSION = YES;
				CLANG_WARN_INFINITE_RECURSION = YES;
				CLANG_WARN_INT_CONVERSION = YES;
				CLANG_WARN_OBJC_ROOT_CLASS = YES_ERROR;
				CLANG_WARN_SUSPICIOUS_MOVE = YES;
				CLANG_WARN_UNREACHABLE_CODE = YES;
				CLANG_WARN__DUPLICATE_METHOD_MATCH = YES;
				"CODE_SIGN_IDENTITY[sdk=iphoneos*]" = "iPhone Developer";
				COPY_PHASE_STRIP = NO;
				DEBUG_INFORMATION_FORMAT = dwarf;
				ENABLE_STRICT_OBJC_MSGSEND = YES;
				ENABLE_TESTABILITY = YES;
				GCC_C_LANGUAGE_STANDARD = gnu99;
				GCC_DYNAMIC_NO_PIC = NO;
				GCC_NO_COMMON_BLOCKS = YES;
				GCC_OPTIMIZATION_LEVEL = 0;
				GCC_PREPROCESSOR_DEFINITIONS = (
					"DEBUG=1",
					"$(inherited)",
				);
				GCC_WARN_64_TO_32_BIT_CONVERSION = YES;
				GCC_WARN_ABOUT_RETURN_TYPE = YES_ERROR;
				GCC_WARN_UNDECLARED_SELECTOR = YES;
				GCC_WARN_UNINITIALIZED_AUTOS = YES_AGGRESSIVE;
				GCC_WARN_UNUSED_FUNCTION = YES;
				GCC_WARN_UNUSED_VARIABLE = YES;
				IPHONEOS_DEPLOYMENT_TARGET = 10.3;
				MTL_ENABLE_DEBUG_INFO = YES;
				ONLY_ACTIVE_ARCH = YES;
				SDKROOT = iphoneos;
				SWIFT_ACTIVE_COMPILATION_CONDITIONS = DEBUG;
				SWIFT_OPTIMIZATION_LEVEL = "-Onone";
				TARGETED_DEVICE_FAMILY = "1,2";
			};
			name = Debug;
		};
		0993AD1C1F0BB7ED00C7850E /* Release */ = {
			isa = XCBuildConfiguration;
			buildSettings = {
				ALWAYS_SEARCH_USER_PATHS = NO;
				CLANG_ANALYZER_NONNULL = YES;
				CLANG_ANALYZER_NUMBER_OBJECT_CONVERSION = YES_AGGRESSIVE;
				CLANG_CXX_LANGUAGE_STANDARD = "gnu++0x";
				CLANG_CXX_LIBRARY = "libc++";
				CLANG_ENABLE_MODULES = YES;
				CLANG_ENABLE_OBJC_ARC = YES;
				CLANG_WARN_BOOL_CONVERSION = YES;
				CLANG_WARN_CONSTANT_CONVERSION = YES;
				CLANG_WARN_DIRECT_OBJC_ISA_USAGE = YES_ERROR;
				CLANG_WARN_DOCUMENTATION_COMMENTS = YES;
				CLANG_WARN_EMPTY_BODY = YES;
				CLANG_WARN_ENUM_CONVERSION = YES;
				CLANG_WARN_INFINITE_RECURSION = YES;
				CLANG_WARN_INT_CONVERSION = YES;
				CLANG_WARN_OBJC_ROOT_CLASS = YES_ERROR;
				CLANG_WARN_SUSPICIOUS_MOVE = YES;
				CLANG_WARN_UNREACHABLE_CODE = YES;
				CLANG_WARN__DUPLICATE_METHOD_MATCH = YES;
				"CODE_SIGN_IDENTITY[sdk=iphoneos*]" = "iPhone Developer";
				COPY_PHASE_STRIP = NO;
				DEBUG_INFORMATION_FORMAT = "dwarf-with-dsym";
				ENABLE_NS_ASSERTIONS = NO;
				ENABLE_STRICT_OBJC_MSGSEND = YES;
				GCC_C_LANGUAGE_STANDARD = gnu99;
				GCC_NO_COMMON_BLOCKS = YES;
				GCC_WARN_64_TO_32_BIT_CONVERSION = YES;
				GCC_WARN_ABOUT_RETURN_TYPE = YES_ERROR;
				GCC_WARN_UNDECLARED_SELECTOR = YES;
				GCC_WARN_UNINITIALIZED_AUTOS = YES_AGGRESSIVE;
				GCC_WARN_UNUSED_FUNCTION = YES;
				GCC_WARN_UNUSED_VARIABLE = YES;
				IPHONEOS_DEPLOYMENT_TARGET = 10.3;
				MTL_ENABLE_DEBUG_INFO = NO;
				SDKROOT = iphoneos;
				SWIFT_OPTIMIZATION_LEVEL = "-Owholemodule";
				TARGETED_DEVICE_FAMILY = "1,2";
				VALIDATE_PRODUCT = YES;
			};
			name = Release;
		};
		0993AD1E1F0BB7ED00C7850E /* Debug */ = {
			isa = XCBuildConfiguration;
			buildSettings = {
				ASSETCATALOG_COMPILER_APPICON_NAME = AppIcon;
				INFOPLIST_FILE = CleaningApp/Info.plist;
				LD_RUNPATH_SEARCH_PATHS = "$(inherited) @executable_path/Frameworks";
				PRODUCT_BUNDLE_IDENTIFIER = br.com.vinicius.CleaningApp;
				PRODUCT_NAME = "$(TARGET_NAME)";
				SWIFT_VERSION = 3.0;
			};
			name = Debug;
		};
		0993AD1F1F0BB7ED00C7850E /* Release */ = {
			isa = XCBuildConfiguration;
			buildSettings = {
				ASSETCATALOG_COMPILER_APPICON_NAME = AppIcon;
				INFOPLIST_FILE = CleaningApp/Info.plist;
				LD_RUNPATH_SEARCH_PATHS = "$(inherited) @executable_path/Frameworks";
				PRODUCT_BUNDLE_IDENTIFIER = br.com.vinicius.CleaningApp;
				PRODUCT_NAME = "$(TARGET_NAME)";
				SWIFT_VERSION = 3.0;
			};
			name = Release;
		};
/* End XCBuildConfiguration section */

/* Begin XCConfigurationList section */
		0993AD061F0BB7ED00C7850E /* Build configuration list for PBXProject "CleaningApp" */ = {
			isa = XCConfigurationList;
			buildConfigurations = (
				0993AD1B1F0BB7ED00C7850E /* Debug */,
				0993AD1C1F0BB7ED00C7850E /* Release */,
			);
			defaultConfigurationIsVisible = 0;
			defaultConfigurationName = Release;
		};
		0993AD1D1F0BB7ED00C7850E /* Build configuration list for PBXNativeTarget "CleaningApp" */ = {
			isa = XCConfigurationList;
			buildConfigurations = (
				0993AD1E1F0BB7ED00C7850E /* Debug */,
				0993AD1F1F0BB7ED00C7850E /* Release */,
			);
			defaultConfigurationIsVisible = 0;
		};
/* End XCConfigurationList section */
	};
	rootObject = 0993AD031F0BB7ED00C7850E /* Project object */;
}
