// !$*UTF8*$!
{
	archiveVersion = 1;
	classes = {
	};
	objectVersion = 46;
	objects = {

/* Begin PBXBuildFile section */
		097597EE1F14F16900279075 /* AppDelegate.swift in Sources */ = {isa = PBXBuildFile; fileRef = 097597ED1F14F16900279075 /* AppDelegate.swift */; };
		097597F01F14F16900279075 /* ViewController.swift in Sources */ = {isa = PBXBuildFile; fileRef = 097597EF1F14F16900279075 /* ViewController.swift */; };
		097597F31F14F16900279075 /* Main.storyboard in Resources */ = {isa = PBXBuildFile; fileRef = 097597F11F14F16900279075 /* Main.storyboard */; };
		097597F81F14F16900279075 /* Assets.xcassets in Resources */ = {isa = PBXBuildFile; fileRef = 097597F71F14F16900279075 /* Assets.xcassets */; };
		097597FB1F14F16900279075 /* LaunchScreen.storyboard in Resources */ = {isa = PBXBuildFile; fileRef = 097597F91F14F16900279075 /* LaunchScreen.storyboard */; };
		097598031F14F1AA00279075 /* UserDefaultsManager.swift in Sources */ = {isa = PBXBuildFile; fileRef = 097598021F14F1AA00279075 /* UserDefaultsManager.swift */; };
		0975980A1F14F60F00279075 /* DBModel.xcdatamodeld in Sources */ = {isa = PBXBuildFile; fileRef = 097598081F14F60F00279075 /* DBModel.xcdatamodeld */; };
		0975980D1F14F66A00279075 /* User+CoreDataClass.swift in Sources */ = {isa = PBXBuildFile; fileRef = 0975980B1F14F66A00279075 /* User+CoreDataClass.swift */; };
		0975980E1F14F66A00279075 /* User+CoreDataProperties.swift in Sources */ = {isa = PBXBuildFile; fileRef = 0975980C1F14F66A00279075 /* User+CoreDataProperties.swift */; };
/* End PBXBuildFile section */

/* Begin PBXFileReference section */
		097597EA1F14F16900279075 /* CoreData.app */ = {isa = PBXFileReference; explicitFileType = wrapper.application; includeInIndex = 0; path = CoreData.app; sourceTree = BUILT_PRODUCTS_DIR; };
		097597ED1F14F16900279075 /* AppDelegate.swift */ = {isa = PBXFileReference; lastKnownFileType = sourcecode.swift; path = AppDelegate.swift; sourceTree = "<group>"; };
		097597EF1F14F16900279075 /* ViewController.swift */ = {isa = PBXFileReference; lastKnownFileType = sourcecode.swift; path = ViewController.swift; sourceTree = "<group>"; };
		097597F21F14F16900279075 /* Base */ = {isa = PBXFileReference; lastKnownFileType = file.storyboard; name = Base; path = Base.lproj/Main.storyboard; sourceTree = "<group>"; };
		097597F71F14F16900279075 /* Assets.xcassets */ = {isa = PBXFileReference; lastKnownFileType = folder.assetcatalog; path = Assets.xcassets; sourceTree = "<group>"; };
		097597FA1F14F16900279075 /* Base */ = {isa = PBXFileReference; lastKnownFileType = file.storyboard; name = Base; path = Base.lproj/LaunchScreen.storyboard; sourceTree = "<group>"; };
		097597FC1F14F16900279075 /* Info.plist */ = {isa = PBXFileReference; lastKnownFileType = text.plist.xml; path = Info.plist; sourceTree = "<group>"; };
		097598021F14F1AA00279075 /* UserDefaultsManager.swift */ = {isa = PBXFileReference; fileEncoding = 4; lastKnownFileType = sourcecode.swift; name = UserDefaultsManager.swift; path = ../UserDefaultsManager.swift; sourceTree = "<group>"; };
		097598091F14F60F00279075 /* DBModel.xcdatamodel */ = {isa = PBXFileReference; lastKnownFileType = wrapper.xcdatamodel; path = DBModel.xcdatamodel; sourceTree = "<group>"; };
		0975980B1F14F66A00279075 /* User+CoreDataClass.swift */ = {isa = PBXFileReference; fileEncoding = 4; lastKnownFileType = sourcecode.swift; path = "User+CoreDataClass.swift"; sourceTree = "<group>"; };
		0975980C1F14F66A00279075 /* User+CoreDataProperties.swift */ = {isa = PBXFileReference; fileEncoding = 4; lastKnownFileType = sourcecode.swift; path = "User+CoreDataProperties.swift"; sourceTree = "<group>"; };
/* End PBXFileReference section */

/* Begin PBXFrameworksBuildPhase section */
		097597E71F14F16900279075 /* Frameworks */ = {
			isa = PBXFrameworksBuildPhase;
			buildActionMask = 2147483647;
			files = (
			);
			runOnlyForDeploymentPostprocessing = 0;
		};
/* End PBXFrameworksBuildPhase section */

/* Begin PBXGroup section */
		097597E11F14F16800279075 = {
			isa = PBXGroup;
			children = (
				097597EC1F14F16900279075 /* CoreData */,
				097597EB1F14F16900279075 /* Products */,
			);
			sourceTree = "<group>";
		};
		097597EB1F14F16900279075 /* Products */ = {
			isa = PBXGroup;
			children = (
				097597EA1F14F16900279075 /* CoreData.app */,
			);
			name = Products;
			sourceTree = "<group>";
		};
		097597EC1F14F16900279075 /* CoreData */ = {
			isa = PBXGroup;
			children = (
				0975980C1F14F66A00279075 /* User+CoreDataProperties.swift */,
				0975980B1F14F66A00279075 /* User+CoreDataClass.swift */,
				097598021F14F1AA00279075 /* UserDefaultsManager.swift */,
				097597ED1F14F16900279075 /* AppDelegate.swift */,
				097597EF1F14F16900279075 /* ViewController.swift */,
				097597F11F14F16900279075 /* Main.storyboard */,
				097597F71F14F16900279075 /* Assets.xcassets */,
				097597F91F14F16900279075 /* LaunchScreen.storyboard */,
				097597FC1F14F16900279075 /* Info.plist */,
				097598081F14F60F00279075 /* DBModel.xcdatamodeld */,
			);
			path = CoreData;
			sourceTree = "<group>";
		};
/* End PBXGroup section */

/* Begin PBXNativeTarget section */
		097597E91F14F16900279075 /* CoreData */ = {
			isa = PBXNativeTarget;
			buildConfigurationList = 097597FF1F14F16900279075 /* Build configuration list for PBXNativeTarget "CoreData" */;
			buildPhases = (
				097597E61F14F16900279075 /* Sources */,
				097597E71F14F16900279075 /* Frameworks */,
				097597E81F14F16900279075 /* Resources */,
			);
			buildRules = (
			);
			dependencies = (
			);
			name = CoreData;
			productName = CoreData;
			productReference = 097597EA1F14F16900279075 /* CoreData.app */;
			productType = "com.apple.product-type.application";
		};
/* End PBXNativeTarget section */

/* Begin PBXProject section */
		097597E21F14F16800279075 /* Project object */ = {
			isa = PBXProject;
			attributes = {
				LastSwiftUpdateCheck = 0830;
				LastUpgradeCheck = 0830;
				ORGANIZATIONNAME = CWI;
				TargetAttributes = {
					097597E91F14F16900279075 = {
						CreatedOnToolsVersion = 8.3.3;
						ProvisioningStyle = Automatic;
					};
				};
			};
			buildConfigurationList = 097597E51F14F16800279075 /* Build configuration list for PBXProject "CoreData" */;
			compatibilityVersion = "Xcode 3.2";
			developmentRegion = English;
			hasScannedForEncodings = 0;
			knownRegions = (
				en,
				Base,
			);
			mainGroup = 097597E11F14F16800279075;
			productRefGroup = 097597EB1F14F16900279075 /* Products */;
			projectDirPath = "";
			projectRoot = "";
			targets = (
				097597E91F14F16900279075 /* CoreData */,
			);
		};
/* End PBXProject section */

/* Begin PBXResourcesBuildPhase section */
		097597E81F14F16900279075 /* Resources */ = {
			isa = PBXResourcesBuildPhase;
			buildActionMask = 2147483647;
			files = (
				097597FB1F14F16900279075 /* LaunchScreen.storyboard in Resources */,
				097597F81F14F16900279075 /* Assets.xcassets in Resources */,
				097597F31F14F16900279075 /* Main.storyboard in Resources */,
			);
			runOnlyForDeploymentPostprocessing = 0;
		};
/* End PBXResourcesBuildPhase section */

/* Begin PBXSourcesBuildPhase section */
		097597E61F14F16900279075 /* Sources */ = {
			isa = PBXSourcesBuildPhase;
			buildActionMask = 2147483647;
			files = (
				097597F01F14F16900279075 /* ViewController.swift in Sources */,
				097597EE1F14F16900279075 /* AppDelegate.swift in Sources */,
				0975980E1F14F66A00279075 /* User+CoreDataProperties.swift in Sources */,
				097598031F14F1AA00279075 /* UserDefaultsManager.swift in Sources */,
				0975980A1F14F60F00279075 /* DBModel.xcdatamodeld in Sources */,
				0975980D1F14F66A00279075 /* User+CoreDataClass.swift in Sources */,
			);
			runOnlyForDeploymentPostprocessing = 0;
		};
/* End PBXSourcesBuildPhase section */

/* Begin PBXVariantGroup section */
		097597F11F14F16900279075 /* Main.storyboard */ = {
			isa = PBXVariantGroup;
			children = (
				097597F21F14F16900279075 /* Base */,
			);
			name = Main.storyboard;
			sourceTree = "<group>";
		};
		097597F91F14F16900279075 /* LaunchScreen.storyboard */ = {
			isa = PBXVariantGroup;
			children = (
				097597FA1F14F16900279075 /* Base */,
			);
			name = LaunchScreen.storyboard;
			sourceTree = "<group>";
		};
/* End PBXVariantGroup section */

/* Begin XCBuildConfiguration section */
		097597FD1F14F16900279075 /* Debug */ = {
			isa = XCBuildConfiguration;
			buildSettings = {
				ALWAYS_SEARCH_USER_PATHS = NO;
				CLANG_ANALYZER_NONNULL = YES;
				CLANG_ANALYZER_NUMBER_OBJECT_CONVERSION = YES_AGGRESSIVE;
				CLANG_CXX_LANGUAGE_STANDARD = "gnu++0x";
				CLANG_CXX_LIBRARY = "libc++";
				CLANG_ENABLE_MODULES = YES;
				CLANG_ENABLE_OBJC_ARC = YES;
				CLANG_WARN_BOOL_CONVERSION = YES;
				CLANG_WARN_CONSTANT_CONVERSION = YES;
				CLANG_WARN_DIRECT_OBJC_ISA_USAGE = YES_ERROR;
				CLANG_WARN_DOCUMENTATION_COMMENTS = YES;
				CLANG_WARN_EMPTY_BODY = YES;
				CLANG_WARN_ENUM_CONVERSION = YES;
				CLANG_WARN_INFINITE_RECURSION = YES;
				CLANG_WARN_INT_CONVERSION = YES;
				CLANG_WARN_OBJC_ROOT_CLASS = YES_ERROR;
				CLANG_WARN_SUSPICIOUS_MOVE = YES;
				CLANG_WARN_UNREACHABLE_CODE = YES;
				CLANG_WARN__DUPLICATE_METHOD_MATCH = YES;
				"CODE_SIGN_IDENTITY[sdk=iphoneos*]" = "iPhone Developer";
				COPY_PHASE_STRIP = NO;
				DEBUG_INFORMATION_FORMAT = dwarf;
				ENABLE_STRICT_OBJC_MSGSEND = YES;
				ENABLE_TESTABILITY = YES;
				GCC_C_LANGUAGE_STANDARD = gnu99;
				GCC_DYNAMIC_NO_PIC = NO;
				GCC_NO_COMMON_BLOCKS = YES;
				GCC_OPTIMIZATION_LEVEL = 0;
				GCC_PREPROCESSOR_DEFINITIONS = (
					"DEBUG=1",
					"$(inherited)",
				);
				GCC_WARN_64_TO_32_BIT_CONVERSION = YES;
				GCC_WARN_ABOUT_RETURN_TYPE = YES_ERROR;
				GCC_WARN_UNDECLARED_SELECTOR = YES;
				GCC_WARN_UNINITIALIZED_AUTOS = YES_AGGRESSIVE;
				GCC_WARN_UNUSED_FUNCTION = YES;
				GCC_WARN_UNUSED_VARIABLE = YES;
				IPHONEOS_DEPLOYMENT_TARGET = 10.3;
				MTL_ENABLE_DEBUG_INFO = YES;
				ONLY_ACTIVE_ARCH = YES;
				SDKROOT = iphoneos;
				SWIFT_ACTIVE_COMPILATION_CONDITIONS = DEBUG;
				SWIFT_OPTIMIZATION_LEVEL = "-Onone";
				TARGETED_DEVICE_FAMILY = "1,2";
			};
			name = Debug;
		};
		097597FE1F14F16900279075 /* Release */ = {
			isa = XCBuildConfiguration;
			buildSettings = {
				ALWAYS_SEARCH_USER_PATHS = NO;
				CLANG_ANALYZER_NONNULL = YES;
				CLANG_ANALYZER_NUMBER_OBJECT_CONVERSION = YES_AGGRESSIVE;
				CLANG_CXX_LANGUAGE_STANDARD = "gnu++0x";
				CLANG_CXX_LIBRARY = "libc++";
				CLANG_ENABLE_MODULES = YES;
				CLANG_ENABLE_OBJC_ARC = YES;
				CLANG_WARN_BOOL_CONVERSION = YES;
				CLANG_WARN_CONSTANT_CONVERSION = YES;
				CLANG_WARN_DIRECT_OBJC_ISA_USAGE = YES_ERROR;
				CLANG_WARN_DOCUMENTATION_COMMENTS = YES;
				CLANG_WARN_EMPTY_BODY = YES;
				CLANG_WARN_ENUM_CONVERSION = YES;
				CLANG_WARN_INFINITE_RECURSION = YES;
				CLANG_WARN_INT_CONVERSION = YES;
				CLANG_WARN_OBJC_ROOT_CLASS = YES_ERROR;
				CLANG_WARN_SUSPICIOUS_MOVE = YES;
				CLANG_WARN_UNREACHABLE_CODE = YES;
				CLANG_WARN__DUPLICATE_METHOD_MATCH = YES;
				"CODE_SIGN_IDENTITY[sdk=iphoneos*]" = "iPhone Developer";
				COPY_PHASE_STRIP = NO;
				DEBUG_INFORMATION_FORMAT = "dwarf-with-dsym";
				ENABLE_NS_ASSERTIONS = NO;
				ENABLE_STRICT_OBJC_MSGSEND = YES;
				GCC_C_LANGUAGE_STANDARD = gnu99;
				GCC_NO_COMMON_BLOCKS = YES;
				GCC_WARN_64_TO_32_BIT_CONVERSION = YES;
				GCC_WARN_ABOUT_RETURN_TYPE = YES_ERROR;
				GCC_WARN_UNDECLARED_SELECTOR = YES;
				GCC_WARN_UNINITIALIZED_AUTOS = YES_AGGRESSIVE;
				GCC_WARN_UNUSED_FUNCTION = YES;
				GCC_WARN_UNUSED_VARIABLE = YES;
				IPHONEOS_DEPLOYMENT_TARGET = 10.3;
				MTL_ENABLE_DEBUG_INFO = NO;
				SDKROOT = iphoneos;
				SWIFT_OPTIMIZATION_LEVEL = "-Owholemodule";
				TARGETED_DEVICE_FAMILY = "1,2";
				VALIDATE_PRODUCT = YES;
			};
			name = Release;
		};
		097598001F14F16900279075 /* Debug */ = {
			isa = XCBuildConfiguration;
			buildSettings = {
				ASSETCATALOG_COMPILER_APPICON_NAME = AppIcon;
				INFOPLIST_FILE = CoreData/Info.plist;
				LD_RUNPATH_SEARCH_PATHS = "$(inherited) @executable_path/Frameworks";
				PRODUCT_BUNDLE_IDENTIFIER = br.com.vinicius.CoreData;
				PRODUCT_NAME = "$(TARGET_NAME)";
				SWIFT_VERSION = 3.0;
			};
			name = Debug;
		};
		097598011F14F16900279075 /* Release */ = {
			isa = XCBuildConfiguration;
			buildSettings = {
				ASSETCATALOG_COMPILER_APPICON_NAME = AppIcon;
				INFOPLIST_FILE = CoreData/Info.plist;
				LD_RUNPATH_SEARCH_PATHS = "$(inherited) @executable_path/Frameworks";
				PRODUCT_BUNDLE_IDENTIFIER = br.com.vinicius.CoreData;
				PRODUCT_NAME = "$(TARGET_NAME)";
				SWIFT_VERSION = 3.0;
			};
			name = Release;
		};
/* End XCBuildConfiguration section */

/* Begin XCConfigurationList section */
		097597E51F14F16800279075 /* Build configuration list for PBXProject "CoreData" */ = {
			isa = XCConfigurationList;
			buildConfigurations = (
				097597FD1F14F16900279075 /* Debug */,
				097597FE1F14F16900279075 /* Release */,
			);
			defaultConfigurationIsVisible = 0;
			defaultConfigurationName = Release;
		};
		097597FF1F14F16900279075 /* Build configuration list for PBXNativeTarget "CoreData" */ = {
			isa = XCConfigurationList;
			buildConfigurations = (
				097598001F14F16900279075 /* Debug */,
				097598011F14F16900279075 /* Release */,
			);
			defaultConfigurationIsVisible = 0;
		};
/* End XCConfigurationList section */

/* Begin XCVersionGroup section */
		097598081F14F60F00279075 /* DBModel.xcdatamodeld */ = {
			isa = XCVersionGroup;
			children = (
				097598091F14F60F00279075 /* DBModel.xcdatamodel */,
			);
			currentVersion = 097598091F14F60F00279075 /* DBModel.xcdatamodel */;
			path = DBModel.xcdatamodeld;
			sourceTree = "<group>";
			versionGroupType = wrapper.xcdatamodel;
		};
/* End XCVersionGroup section */
	};
	rootObject = 097597E21F14F16800279075 /* Project object */;
}
